
Microsoft Visual Studio Solution File, Format Version 12.00
# Visual Studio Version 17
VisualStudioVersion = 17.0.31903.59
MinimumVisualStudioVersion = 10.0.40219.1
Project("{FAE04EC0-301F-11D3-BF4B-00C04F79EFBC}") = "WalletAPI.Api", "WalletAPI.Api\WalletAPI.Api.csproj", "{AFF49412-788A-4D5C-87F9-A403BF1A8572}"
EndProject
Project("{FAE04EC0-301F-11D3-BF4B-00C04F79EFBC}") = "WalletAPI.Application", "WalletAPI.Application\WalletAPI.Application.csproj", "{D09876DB-C544-44C9-999A-5FF7633D6B80}"
EndProject
Project("{FAE04EC0-301F-11D3-BF4B-00C04F79EFBC}") = "WalletAPI.Domain", "WalletAPI.Domain\WalletAPI.Domain.csproj", "{74D4D44C-052E-4060-83A2-C4043A486D09}"
EndProject
Project("{FAE04EC0-301F-11D3-BF4B-00C04F79EFBC}") = "WalletAPI.Infrastructure", "WalletAPI.Infrastructure\WalletAPI.Infrastructure.csproj", "{896A1EAF-02FE-415B-932C-75EAC5E8B518}"
EndProject
Project("{FAE04EC0-301F-11D3-BF4B-00C04F79EFBC}") = "WalletAPI.Tests", "WalletAPI.Tests\WalletAPI.Tests.csproj", "{A60BBB3B-2725-39C9-F07F-6369E60F6286}"
EndProject
Global
	GlobalSection(SolutionConfigurationPlatforms) = preSolution
		Debug|Any CPU = Debug|Any CPU
		Debug|x64 = Debug|x64
		Debug|x86 = Debug|x86
		Release|Any CPU = Release|Any CPU
		Release|x64 = Release|x64
		Release|x86 = Release|x86
	EndGlobalSection
	GlobalSection(ProjectConfigurationPlatforms) = postSolution
		{AFF49412-788A-4D5C-87F9-A403BF1A8572}.Debug|Any CPU.ActiveCfg = Debug|Any CPU
		{AFF49412-788A-4D5C-87F9-A403BF1A8572}.Debug|Any CPU.Build.0 = Debug|Any CPU
		{AFF49412-788A-4D5C-87F9-A403BF1A8572}.Debug|x64.ActiveCfg = Debug|Any CPU
		{AFF49412-788A-4D5C-87F9-A403BF1A8572}.Debug|x64.Build.0 = Debug|Any CPU
		{AFF49412-788A-4D5C-87F9-A403BF1A8572}.Debug|x86.ActiveCfg = Debug|Any CPU
		{AFF49412-788A-4D5C-87F9-A403BF1A8572}.Debug|x86.Build.0 = Debug|Any CPU
		{AFF49412-788A-4D5C-87F9-A403BF1A8572}.Release|Any CPU.ActiveCfg = Release|Any CPU
		{AFF49412-788A-4D5C-87F9-A403BF1A8572}.Release|Any CPU.Build.0 = Release|Any CPU
		{AFF49412-788A-4D5C-87F9-A403BF1A8572}.Release|x64.ActiveCfg = Release|Any CPU
		{AFF49412-788A-4D5C-87F9-A403BF1A8572}.Release|x64.Build.0 = Release|Any CPU
		{AFF49412-788A-4D5C-87F9-A403BF1A8572}.Release|x86.ActiveCfg = Release|Any CPU
		{AFF49412-788A-4D5C-87F9-A403BF1A8572}.Release|x86.Build.0 = Release|Any CPU
		{D09876DB-C544-44C9-999A-5FF7633D6B80}.Debug|Any CPU.ActiveCfg = Debug|Any CPU
		{D09876DB-C544-44C9-999A-5FF7633D6B80}.Debug|Any CPU.Build.0 = Debug|Any CPU
		{D09876DB-C544-44C9-999A-5FF7633D6B80}.Debug|x64.ActiveCfg = Debug|Any CPU
		{D09876DB-C544-44C9-999A-5FF7633D6B80}.Debug|x64.Build.0 = Debug|Any CPU
		{D09876DB-C544-44C9-999A-5FF7633D6B80}.Debug|x86.ActiveCfg = Debug|Any CPU
		{D09876DB-C544-44C9-999A-5FF7633D6B80}.Debug|x86.Build.0 = Debug|Any CPU
		{D09876DB-C544-44C9-999A-5FF7633D6B80}.Release|Any CPU.ActiveCfg = Release|Any CPU
		{D09876DB-C544-44C9-999A-5FF7633D6B80}.Release|Any CPU.Build.0 = Release|Any CPU
		{D09876DB-C544-44C9-999A-5FF7633D6B80}.Release|x64.ActiveCfg = Release|Any CPU
		{D09876DB-C544-44C9-999A-5FF7633D6B80}.Release|x64.Build.0 = Release|Any CPU
		{D09876DB-C544-44C9-999A-5FF7633D6B80}.Release|x86.ActiveCfg = Release|Any CPU
		{D09876DB-C544-44C9-999A-5FF7633D6B80}.Release|x86.Build.0 = Release|Any CPU
		{74D4D44C-052E-4060-83A2-C4043A486D09}.Debug|Any CPU.ActiveCfg = Debug|Any CPU
		{74D4D44C-052E-4060-83A2-C4043A486D09}.Debug|Any CPU.Build.0 = Debug|Any CPU
		{74D4D44C-052E-4060-83A2-C4043A486D09}.Debug|x64.ActiveCfg = Debug|Any CPU
		{74D4D44C-052E-4060-83A2-C4043A486D09}.Debug|x64.Build.0 = Debug|Any CPU
		{74D4D44C-052E-4060-83A2-C4043A486D09}.Debug|x86.ActiveCfg = Debug|Any CPU
		{74D4D44C-052E-4060-83A2-C4043A486D09}.Debug|x86.Build.0 = Debug|Any CPU
		{74D4D44C-052E-4060-83A2-C4043A486D09}.Release|Any CPU.ActiveCfg = Release|Any CPU
		{74D4D44C-052E-4060-83A2-C4043A486D09}.Release|Any CPU.Build.0 = Release|Any CPU
		{74D4D44C-052E-4060-83A2-C4043A486D09}.Release|x64.ActiveCfg = Release|Any CPU
		{74D4D44C-052E-4060-83A2-C4043A486D09}.Release|x64.Build.0 = Release|Any CPU
		{74D4D44C-052E-4060-83A2-C4043A486D09}.Release|x86.ActiveCfg = Release|Any CPU
		{74D4D44C-052E-4060-83A2-C4043A486D09}.Release|x86.Build.0 = Release|Any CPU
		{896A1EAF-02FE-415B-932C-75EAC5E8B518}.Debug|Any CPU.ActiveCfg = Debug|Any CPU
		{896A1EAF-02FE-415B-932C-75EAC5E8B518}.Debug|Any CPU.Build.0 = Debug|Any CPU
		{896A1EAF-02FE-415B-932C-75EAC5E8B518}.Debug|x64.ActiveCfg = Debug|Any CPU
		{896A1EAF-02FE-415B-932C-75EAC5E8B518}.Debug|x64.Build.0 = Debug|Any CPU
		{896A1EAF-02FE-415B-932C-75EAC5E8B518}.Debug|x86.ActiveCfg = Debug|Any CPU
		{896A1EAF-02FE-415B-932C-75EAC5E8B518}.Debug|x86.Build.0 = Debug|Any CPU
		{896A1EAF-02FE-415B-932C-75EAC5E8B518}.Release|Any CPU.ActiveCfg = Release|Any CPU
		{896A1EAF-02FE-415B-932C-75EAC5E8B518}.Release|Any CPU.Build.0 = Release|Any CPU
		{896A1EAF-02FE-415B-932C-75EAC5E8B518}.Release|x64.ActiveCfg = Release|Any CPU
		{896A1EAF-02FE-415B-932C-75EAC5E8B518}.Release|x64.Build.0 = Release|Any CPU
		{896A1EAF-02FE-415B-932C-75EAC5E8B518}.Release|x86.ActiveCfg = Release|Any CPU
		{896A1EAF-02FE-415B-932C-75EAC5E8B518}.Release|x86.Build.0 = Release|Any CPU
		{A60BBB3B-2725-39C9-F07F-6369E60F6286}.Debug|Any CPU.ActiveCfg = Debug|Any CPU
		{A60BBB3B-2725-39C9-F07F-6369E60F6286}.Debug|Any CPU.Build.0 = Debug|Any CPU
		{A60BBB3B-2725-39C9-F07F-6369E60F6286}.Debug|x64.ActiveCfg = Debug|Any CPU
		{A60BBB3B-2725-39C9-F07F-6369E60F6286}.Debug|x64.Build.0 = Debug|Any CPU
		{A60BBB3B-2725-39C9-F07F-6369E60F6286}.Debug|x86.ActiveCfg = Debug|Any CPU
		{A60BBB3B-2725-39C9-F07F-6369E60F6286}.Debug|x86.Build.0 = Debug|Any CPU
		{A60BBB3B-2725-39C9-F07F-6369E60F6286}.Release|Any CPU.ActiveCfg = Release|Any CPU
		{A60BBB3B-2725-39C9-F07F-6369E60F6286}.Release|Any CPU.Build.0 = Release|Any CPU
		{A60BBB3B-2725-39C9-F07F-6369E60F6286}.Release|x64.ActiveCfg = Release|Any CPU
		{A60BBB3B-2725-39C9-F07F-6369E60F6286}.Release|x64.Build.0 = Release|Any CPU
		{A60BBB3B-2725-39C9-F07F-6369E60F6286}.Release|x86.ActiveCfg = Release|Any CPU
		{A60BBB3B-2725-39C9-F07F-6369E60F6286}.Release|x86.Build.0 = Release|Any CPU
	EndGlobalSection
	GlobalSection(SolutionProperties) = preSolution
		HideSolutionNode = FALSE
	EndGlobalSection
	GlobalSection(ExtensibilityGlobals) = postSolution
		SolutionGuid = {9981E849-CA27-4496-BD4E-7F971E621C36}
	EndGlobalSection
EndGlobal
